
Microsoft Visual Studio Solution File, Format Version 12.00
# Visual Studio Version 17
VisualStudioVersion = 17.9.34902.65
MinimumVisualStudioVersion = 10.0.40219.1
Project("{FC65038C-1B2F-41E1-A629-BED71D161FFF}") = "XDSPolicySample (ISV) [Fleet Management]", "XDSPolicySample\XDSPolicySample.rnrproj", "{428BE764-09E2-4E04-9DD0-53F173F8EBC5}"
EndProject
Global
	GlobalSection(SolutionConfigurationPlatforms) = preSolution
		Debug|Any CPU = Debug|Any CPU
	EndGlobalSection
	GlobalSection(ProjectConfigurationPlatforms) = postSolution
		{428BE764-09E2-4E04-9DD0-53F173F8EBC5}.Debug|Any CPU.ActiveCfg = Debug|Any CPU
		{428BE764-09E2-4E04-9DD0-53F173F8EBC5}.Debug|Any CPU.Build.0 = Debug|Any CPU
	EndGlobalSection
	GlobalSection(SolutionProperties) = preSolution
		HideSolutionNode = FALSE
	EndGlobalSection
	GlobalSection(ExtensibilityGlobals) = postSolution
		SolutionGuid = {414B9C3A-713E-4C23-89DE-2920E31DD145}
	EndGlobalSection
EndGlobal
